Microsoft Visual Studio Solution File, Format Version 12.00
# Visual Studio Version 17
VisualStudioVersion = 17.0.31903.59
MinimumVisualStudioVersion = 10.0.40219.1
Project("{2150E333-8FDC-42A3-9474-1A3956D46DE8}") = "src", "src", "{33AFCA48-CBEC-49AE-99E3-B57B6E9C20FD}"
EndProject
Project("{FAE04EC0-301F-11D3-BF4B-00C04F79EFBC}") = "Lyfe.Api", "src\Lyfe.Api\Lyfe.Api.csproj", "{B33AA818-54D7-4680-95BB-18887CBBBCC0}"
EndProject
Project("{FAE04EC0-301F-11D3-BF4B-00C04F79EFBC}") = "Lyfe.Core", "src\Lyfe.Core\Lyfe.Core.csproj", "{23B7E835-1D13-4EE7-863B-FC6C49E519E9}"
EndProject
Project("{FAE04EC0-301F-11D3-BF4B-00C04F79EFBC}") = "Lyfe.Database", "src\Lyfe.Database\Lyfe.Database.csproj", "{A445E649-78F6-4282-A4CD-B6BDCFA558BE}"
EndProject
Project("{FAE04EC0-301F-11D3-BF4B-00C04F79EFBC}") = "Lyfe.Api.Tests", "src\Lyfe.Api.Tests\Lyfe.Api.Tests.csproj", "{6FC34BE9-8684-4F79-BAB8-98596DB7C45C}"
EndProject
Global
	GlobalSection(SolutionConfigurationPlatforms) = preSolution
		Debug|Any CPU = Debug|Any CPU
		Release|Any CPU = Release|Any CPU
	EndGlobalSection
	GlobalSection(SolutionProperties) = preSolution
		HideSolutionNode = FALSE
	EndGlobalSection
	GlobalSection(ProjectConfigurationPlatforms) = postSolution
		{B33AA818-54D7-4680-95BB-18887CBBBCC0}.Debug|Any CPU.ActiveCfg = Debug|Any CPU
		{B33AA818-54D7-4680-95BB-18887CBBBCC0}.Debug|Any CPU.Build.0 = Debug|Any CPU
		{B33AA818-54D7-4680-95BB-18887CBBBCC0}.Release|Any CPU.ActiveCfg = Release|Any CPU
		{B33AA818-54D7-4680-95BB-18887CBBBCC0}.Release|Any CPU.Build.0 = Release|Any CPU
		{23B7E835-1D13-4EE7-863B-FC6C49E519E9}.Debug|Any CPU.ActiveCfg = Debug|Any CPU
		{23B7E835-1D13-4EE7-863B-FC6C49E519E9}.Debug|Any CPU.Build.0 = Debug|Any CPU
		{23B7E835-1D13-4EE7-863B-FC6C49E519E9}.Release|Any CPU.ActiveCfg = Release|Any CPU
		{23B7E835-1D13-4EE7-863B-FC6C49E519E9}.Release|Any CPU.Build.0 = Release|Any CPU
		{A445E649-78F6-4282-A4CD-B6BDCFA558BE}.Debug|Any CPU.ActiveCfg = Debug|Any CPU
		{A445E649-78F6-4282-A4CD-B6BDCFA558BE}.Debug|Any CPU.Build.0 = Debug|Any CPU
		{A445E649-78F6-4282-A4CD-B6BDCFA558BE}.Release|Any CPU.ActiveCfg = Release|Any CPU
		{A445E649-78F6-4282-A4CD-B6BDCFA558BE}.Release|Any CPU.Build.0 = Release|Any CPU
		{6FC34BE9-8684-4F79-BAB8-98596DB7C45C}.Debug|Any CPU.ActiveCfg = Debug|Any CPU
		{6FC34BE9-8684-4F79-BAB8-98596DB7C45C}.Debug|Any CPU.Build.0 = Debug|Any CPU
		{6FC34BE9-8684-4F79-BAB8-98596DB7C45C}.Release|Any CPU.ActiveCfg = Release|Any CPU
		{6FC34BE9-8684-4F79-BAB8-98596DB7C45C}.Release|Any CPU.Build.0 = Release|Any CPU
	EndGlobalSection
	GlobalSection(NestedProjects) = preSolution
		{B33AA818-54D7-4680-95BB-18887CBBBCC0} = {33AFCA48-CBEC-49AE-99E3-B57B6E9C20FD}
		{23B7E835-1D13-4EE7-863B-FC6C49E519E9} = {33AFCA48-CBEC-49AE-99E3-B57B6E9C20FD}
		{A445E649-78F6-4282-A4CD-B6BDCFA558BE} = {33AFCA48-CBEC-49AE-99E3-B57B6E9C20FD}
		{6FC34BE9-8684-4F79-BAB8-98596DB7C45C} = {33AFCA48-CBEC-49AE-99E3-B57B6E9C20FD}
	EndGlobalSection
EndGlobal
